
Microsoft Visual Studio Solution File, Format Version 12.00
# Visual Studio Version 17
VisualStudioVersion = 17.1.32228.430
MinimumVisualStudioVersion = 10.0.40219.1
Project("{8BC9CEB8-8B4A-11D0-8D11-00A0C91BC942}") = "FileSingeton", "FileSingeton\FileSingeton.vcxproj", "{8CB651FF-C8DA-4FAC-86ED-2BE9EB43E627}"
EndProject
Global
	GlobalSection(SolutionConfigurationPlatforms) = preSolution
		Debug|x64 = Debug|x64
		Debug|x86 = Debug|x86
		Release|x64 = Release|x64
		Release|x86 = Release|x86
	EndGlobalSection
	GlobalSection(ProjectConfigurationPlatforms) = postSolution
		{8CB651FF-C8DA-4FAC-86ED-2BE9EB43E627}.Debug|x64.ActiveCfg = Debug|x64
		{8CB651FF-C8DA-4FAC-86ED-2BE9EB43E627}.Debug|x64.Build.0 = Debug|x64
		{8CB651FF-C8DA-4FAC-86ED-2BE9EB43E627}.Debug|x86.ActiveCfg = Debug|Win32
		{8CB651FF-C8DA-4FAC-86ED-2BE9EB43E627}.Debug|x86.Build.0 = Debug|Win32
		{8CB651FF-C8DA-4FAC-86ED-2BE9EB43E627}.Release|x64.ActiveCfg = Release|x64
		{8CB651FF-C8DA-4FAC-86ED-2BE9EB43E627}.Release|x64.Build.0 = Release|x64
		{8CB651FF-C8DA-4FAC-86ED-2BE9EB43E627}.Release|x86.ActiveCfg = Release|Win32
		{8CB651FF-C8DA-4FAC-86ED-2BE9EB43E627}.Release|x86.Build.0 = Release|Win32
	EndGlobalSection
	GlobalSection(SolutionProperties) = preSolution
		HideSolutionNode = FALSE
	EndGlobalSection
	GlobalSection(ExtensibilityGlobals) = postSolution
		SolutionGuid = {3357D9F3-EC02-41E5-B5D3-7FC3848765A0}
	EndGlobalSection
EndGlobal
