
Microsoft Visual Studio Solution File, Format Version 12.00
# Visual Studio Version 16
VisualStudioVersion = 16.0.31911.196
MinimumVisualStudioVersion = 10.0.40219.1
Project("{FAE04EC0-301F-11D3-BF4B-00C04F79EFBC}") = "OpenFileWinForms_sp", "OpenFileWinForms_sp\OpenFileWinForms_sp.csproj", "{8345456D-09B5-456D-BAB8-067D2EF02879}"
EndProject
Global
	GlobalSection(SolutionConfigurationPlatforms) = preSolution
		Debug|Any CPU = Debug|Any CPU
		Release|Any CPU = Release|Any CPU
	EndGlobalSection
	GlobalSection(ProjectConfigurationPlatforms) = postSolution
		{8345456D-09B5-456D-BAB8-067D2EF02879}.Debug|Any CPU.ActiveCfg = Debug|Any CPU
		{8345456D-09B5-456D-BAB8-067D2EF02879}.Debug|Any CPU.Build.0 = Debug|Any CPU
		{8345456D-09B5-456D-BAB8-067D2EF02879}.Release|Any CPU.ActiveCfg = Release|Any CPU
		{8345456D-09B5-456D-BAB8-067D2EF02879}.Release|Any CPU.Build.0 = Release|Any CPU
	EndGlobalSection
	GlobalSection(SolutionProperties) = preSolution
		HideSolutionNode = FALSE
	EndGlobalSection
	GlobalSection(ExtensibilityGlobals) = postSolution
		SolutionGuid = {8FD9C667-EA58-49C1-BD99-CC3EA896E82B}
	EndGlobalSection
EndGlobal
