
Microsoft Visual Studio Solution File, Format Version 12.00
# Visual Studio Version 17
VisualStudioVersion = 17.0.32112.339
MinimumVisualStudioVersion = 10.0.40219.1
Project("{FAE04EC0-301F-11D3-BF4B-00C04F79EFBC}") = "WebEmpty60", "WebEmpty60\WebEmpty60.csproj", "{53B342B0-3D4F-4544-BDC8-90F0759A14C1}"
EndProject
Global
	GlobalSection(SolutionConfigurationPlatforms) = preSolution
		Debug|Any CPU = Debug|Any CPU
		Release|Any CPU = Release|Any CPU
	EndGlobalSection
	GlobalSection(ProjectConfigurationPlatforms) = postSolution
		{53B342B0-3D4F-4544-BDC8-90F0759A14C1}.Debug|Any CPU.ActiveCfg = Debug|Any CPU
		{53B342B0-3D4F-4544-BDC8-90F0759A14C1}.Debug|Any CPU.Build.0 = Debug|Any CPU
		{53B342B0-3D4F-4544-BDC8-90F0759A14C1}.Release|Any CPU.ActiveCfg = Release|Any CPU
		{53B342B0-3D4F-4544-BDC8-90F0759A14C1}.Release|Any CPU.Build.0 = Release|Any CPU
	EndGlobalSection
	GlobalSection(SolutionProperties) = preSolution
		HideSolutionNode = FALSE
	EndGlobalSection
	GlobalSection(ExtensibilityGlobals) = postSolution
		SolutionGuid = {E1055849-3861-4641-BCBD-4CB8C86F343B}
	EndGlobalSection
EndGlobal
