
Microsoft Visual Studio Solution File, Format Version 12.00
# Visual Studio Version 16
VisualStudioVersion = 16.0.31729.503
MinimumVisualStudioVersion = 10.0.40219.1
Project("{FAE04EC0-301F-11D3-BF4B-00C04F79EFBC}") = "3tisp_school1", "3tisp_school1\3tisp_school1.csproj", "{7B84DA36-597E-4AD3-B0A6-2C99C2C1E4C3}"
EndProject
Global
	GlobalSection(SolutionConfigurationPlatforms) = preSolution
		Debug|Any CPU = Debug|Any CPU
		Release|Any CPU = Release|Any CPU
	EndGlobalSection
	GlobalSection(ProjectConfigurationPlatforms) = postSolution
		{7B84DA36-597E-4AD3-B0A6-2C99C2C1E4C3}.Debug|Any CPU.ActiveCfg = Debug|Any CPU
		{7B84DA36-597E-4AD3-B0A6-2C99C2C1E4C3}.Debug|Any CPU.Build.0 = Debug|Any CPU
		{7B84DA36-597E-4AD3-B0A6-2C99C2C1E4C3}.Release|Any CPU.ActiveCfg = Release|Any CPU
		{7B84DA36-597E-4AD3-B0A6-2C99C2C1E4C3}.Release|Any CPU.Build.0 = Release|Any CPU
	EndGlobalSection
	GlobalSection(SolutionProperties) = preSolution
		HideSolutionNode = FALSE
	EndGlobalSection
	GlobalSection(ExtensibilityGlobals) = postSolution
		SolutionGuid = {EEBEF619-2949-42E8-B108-4F2D80CA0723}
	EndGlobalSection
EndGlobal
