
Microsoft Visual Studio Solution File, Format Version 12.00
# Visual Studio Version 16
VisualStudioVersion = 16.0.31729.503
MinimumVisualStudioVersion = 10.0.40219.1
Project("{8BC9CEB8-8B4A-11D0-8D11-00A0C91BC942}") = "Work_with_Strings", "Work_with_Strings\Work_with_Strings.vcxproj", "{3FBEF0FF-DDA6-475E-B90F-EE1C7639C95E}"
EndProject
Global
	GlobalSection(SolutionConfigurationPlatforms) = preSolution
		Debug|x64 = Debug|x64
		Debug|x86 = Debug|x86
		Release|x64 = Release|x64
		Release|x86 = Release|x86
	EndGlobalSection
	GlobalSection(ProjectConfigurationPlatforms) = postSolution
		{3FBEF0FF-DDA6-475E-B90F-EE1C7639C95E}.Debug|x64.ActiveCfg = Debug|x64
		{3FBEF0FF-DDA6-475E-B90F-EE1C7639C95E}.Debug|x64.Build.0 = Debug|x64
		{3FBEF0FF-DDA6-475E-B90F-EE1C7639C95E}.Debug|x86.ActiveCfg = Debug|Win32
		{3FBEF0FF-DDA6-475E-B90F-EE1C7639C95E}.Debug|x86.Build.0 = Debug|Win32
		{3FBEF0FF-DDA6-475E-B90F-EE1C7639C95E}.Release|x64.ActiveCfg = Release|x64
		{3FBEF0FF-DDA6-475E-B90F-EE1C7639C95E}.Release|x64.Build.0 = Release|x64
		{3FBEF0FF-DDA6-475E-B90F-EE1C7639C95E}.Release|x86.ActiveCfg = Release|Win32
		{3FBEF0FF-DDA6-475E-B90F-EE1C7639C95E}.Release|x86.Build.0 = Release|Win32
	EndGlobalSection
	GlobalSection(SolutionProperties) = preSolution
		HideSolutionNode = FALSE
	EndGlobalSection
	GlobalSection(ExtensibilityGlobals) = postSolution
		SolutionGuid = {646B9087-8BE0-4045-ADF6-697FA0A1C1A3}
	EndGlobalSection
EndGlobal
