
Microsoft Visual Studio Solution File, Format Version 12.00
# Visual Studio Version 17
VisualStudioVersion = 17.1.32228.430
MinimumVisualStudioVersion = 10.0.40219.1
Project("{FAE04EC0-301F-11D3-BF4B-00C04F79EFBC}") = "WForms_paint1", "WForms_paint1\WForms_paint1.csproj", "{408C2E40-F8FE-4B06-942B-4BEAC474C827}"
EndProject
Global
	GlobalSection(SolutionConfigurationPlatforms) = preSolution
		Debug|Any CPU = Debug|Any CPU
		Release|Any CPU = Release|Any CPU
	EndGlobalSection
	GlobalSection(ProjectConfigurationPlatforms) = postSolution
		{408C2E40-F8FE-4B06-942B-4BEAC474C827}.Debug|Any CPU.ActiveCfg = Debug|Any CPU
		{408C2E40-F8FE-4B06-942B-4BEAC474C827}.Debug|Any CPU.Build.0 = Debug|Any CPU
		{408C2E40-F8FE-4B06-942B-4BEAC474C827}.Release|Any CPU.ActiveCfg = Release|Any CPU
		{408C2E40-F8FE-4B06-942B-4BEAC474C827}.Release|Any CPU.Build.0 = Release|Any CPU
	EndGlobalSection
	GlobalSection(SolutionProperties) = preSolution
		HideSolutionNode = FALSE
	EndGlobalSection
	GlobalSection(ExtensibilityGlobals) = postSolution
		SolutionGuid = {A104FDE0-24D3-4215-B282-C9D95D6C6260}
	EndGlobalSection
EndGlobal
