
Microsoft Visual Studio Solution File, Format Version 12.00
# Visual Studio Version 16
VisualStudioVersion = 16.0.31911.196
MinimumVisualStudioVersion = 10.0.40219.1
Project("{8BC9CEB8-8B4A-11D0-8D11-00A0C91BC942}") = "ClassTemplate1_sp", "ClassTemplate1_sp\ClassTemplate1_sp.vcxproj", "{838F6C68-0E9C-4335-A656-491D4F935148}"
EndProject
Global
	GlobalSection(SolutionConfigurationPlatforms) = preSolution
		Debug|x64 = Debug|x64
		Debug|x86 = Debug|x86
		Release|x64 = Release|x64
		Release|x86 = Release|x86
	EndGlobalSection
	GlobalSection(ProjectConfigurationPlatforms) = postSolution
		{838F6C68-0E9C-4335-A656-491D4F935148}.Debug|x64.ActiveCfg = Debug|x64
		{838F6C68-0E9C-4335-A656-491D4F935148}.Debug|x64.Build.0 = Debug|x64
		{838F6C68-0E9C-4335-A656-491D4F935148}.Debug|x86.ActiveCfg = Debug|Win32
		{838F6C68-0E9C-4335-A656-491D4F935148}.Debug|x86.Build.0 = Debug|Win32
		{838F6C68-0E9C-4335-A656-491D4F935148}.Release|x64.ActiveCfg = Release|x64
		{838F6C68-0E9C-4335-A656-491D4F935148}.Release|x64.Build.0 = Release|x64
		{838F6C68-0E9C-4335-A656-491D4F935148}.Release|x86.ActiveCfg = Release|Win32
		{838F6C68-0E9C-4335-A656-491D4F935148}.Release|x86.Build.0 = Release|Win32
	EndGlobalSection
	GlobalSection(SolutionProperties) = preSolution
		HideSolutionNode = FALSE
	EndGlobalSection
	GlobalSection(ExtensibilityGlobals) = postSolution
		SolutionGuid = {FC7BBAB6-5A40-4CDA-803D-A4A868DE8C08}
	EndGlobalSection
EndGlobal
