
Microsoft Visual Studio Solution File, Format Version 12.00
# Visual Studio Version 16
VisualStudioVersion = 16.0.31911.196
MinimumVisualStudioVersion = 10.0.40219.1
Project("{FAE04EC0-301F-11D3-BF4B-00C04F79EFBC}") = "WinFormsFramework", "WinFormsFramework\WinFormsFramework.csproj", "{7E9AA00E-0E55-4AD3-9DF8-C12CF04F0CD6}"
EndProject
Global
	GlobalSection(SolutionConfigurationPlatforms) = preSolution
		Debug|Any CPU = Debug|Any CPU
		Release|Any CPU = Release|Any CPU
	EndGlobalSection
	GlobalSection(ProjectConfigurationPlatforms) = postSolution
		{7E9AA00E-0E55-4AD3-9DF8-C12CF04F0CD6}.Debug|Any CPU.ActiveCfg = Debug|Any CPU
		{7E9AA00E-0E55-4AD3-9DF8-C12CF04F0CD6}.Debug|Any CPU.Build.0 = Debug|Any CPU
		{7E9AA00E-0E55-4AD3-9DF8-C12CF04F0CD6}.Release|Any CPU.ActiveCfg = Release|Any CPU
		{7E9AA00E-0E55-4AD3-9DF8-C12CF04F0CD6}.Release|Any CPU.Build.0 = Release|Any CPU
	EndGlobalSection
	GlobalSection(SolutionProperties) = preSolution
		HideSolutionNode = FALSE
	EndGlobalSection
	GlobalSection(ExtensibilityGlobals) = postSolution
		SolutionGuid = {FD1FFE9D-6DD5-4632-A881-E7495CEFFEBA}
	EndGlobalSection
EndGlobal
