
Microsoft Visual Studio Solution File, Format Version 12.00
# Visual Studio Version 16
VisualStudioVersion = 16.0.31911.196
MinimumVisualStudioVersion = 10.0.40219.1
Project("{9A19103F-16F7-4668-BE54-9A1E7A4F7556}") = "WebRazorForms", "WebRazorForms\WebRazorForms.csproj", "{BE630692-3FD5-4D72-8742-03922D2297EA}"
EndProject
Project("{FAE04EC0-301F-11D3-BF4B-00C04F79EFBC}") = "WebRazorForms.Tests", "WebRazorForms.Tests\WebRazorForms.Tests.csproj", "{3A7EBD21-4A42-467E-99F4-5052F9885CD7}"
EndProject
Global
	GlobalSection(SolutionConfigurationPlatforms) = preSolution
		Debug|Any CPU = Debug|Any CPU
		Release|Any CPU = Release|Any CPU
	EndGlobalSection
	GlobalSection(ProjectConfigurationPlatforms) = postSolution
		{BE630692-3FD5-4D72-8742-03922D2297EA}.Debug|Any CPU.ActiveCfg = Debug|Any CPU
		{BE630692-3FD5-4D72-8742-03922D2297EA}.Debug|Any CPU.Build.0 = Debug|Any CPU
		{BE630692-3FD5-4D72-8742-03922D2297EA}.Release|Any CPU.ActiveCfg = Release|Any CPU
		{BE630692-3FD5-4D72-8742-03922D2297EA}.Release|Any CPU.Build.0 = Release|Any CPU
		{3A7EBD21-4A42-467E-99F4-5052F9885CD7}.Debug|Any CPU.ActiveCfg = Debug|Any CPU
		{3A7EBD21-4A42-467E-99F4-5052F9885CD7}.Debug|Any CPU.Build.0 = Debug|Any CPU
		{3A7EBD21-4A42-467E-99F4-5052F9885CD7}.Release|Any CPU.ActiveCfg = Release|Any CPU
		{3A7EBD21-4A42-467E-99F4-5052F9885CD7}.Release|Any CPU.Build.0 = Release|Any CPU
	EndGlobalSection
	GlobalSection(SolutionProperties) = preSolution
		HideSolutionNode = FALSE
	EndGlobalSection
	GlobalSection(ExtensibilityGlobals) = postSolution
		SolutionGuid = {372EEBD2-8C8A-486F-8643-EE8607E3806F}
	EndGlobalSection
EndGlobal
