
Microsoft Visual Studio Solution File, Format Version 12.00
# Visual Studio Version 16
VisualStudioVersion = 16.0.31829.152
MinimumVisualStudioVersion = 10.0.40219.1
Project("{FAE04EC0-301F-11D3-BF4B-00C04F79EFBC}") = "WinAppfirst", "WinAppfirst\WinAppfirst.csproj", "{B1B62A69-7998-4ABE-8063-F5E26B1B6F27}"
EndProject
Global
	GlobalSection(SolutionConfigurationPlatforms) = preSolution
		Debug|Any CPU = Debug|Any CPU
		Release|Any CPU = Release|Any CPU
	EndGlobalSection
	GlobalSection(ProjectConfigurationPlatforms) = postSolution
		{B1B62A69-7998-4ABE-8063-F5E26B1B6F27}.Debug|Any CPU.ActiveCfg = Debug|Any CPU
		{B1B62A69-7998-4ABE-8063-F5E26B1B6F27}.Debug|Any CPU.Build.0 = Debug|Any CPU
		{B1B62A69-7998-4ABE-8063-F5E26B1B6F27}.Release|Any CPU.ActiveCfg = Release|Any CPU
		{B1B62A69-7998-4ABE-8063-F5E26B1B6F27}.Release|Any CPU.Build.0 = Release|Any CPU
	EndGlobalSection
	GlobalSection(SolutionProperties) = preSolution
		HideSolutionNode = FALSE
	EndGlobalSection
	GlobalSection(ExtensibilityGlobals) = postSolution
		SolutionGuid = {CF4285BD-EFF1-44E7-8B3F-9905B8733B48}
	EndGlobalSection
EndGlobal
