
Microsoft Visual Studio Solution File, Format Version 12.00
# Visual Studio Version 16
VisualStudioVersion = 16.0.31702.278
MinimumVisualStudioVersion = 10.0.40219.1
Project("{9A19103F-16F7-4668-BE54-9A1E7A4F7556}") = "webRazor1", "webRazor1.csproj", "{99509749-56EB-4615-9AB4-C2CDFD349875}"
EndProject
Global
	GlobalSection(SolutionConfigurationPlatforms) = preSolution
		Debug|Any CPU = Debug|Any CPU
		Release|Any CPU = Release|Any CPU
	EndGlobalSection
	GlobalSection(ProjectConfigurationPlatforms) = postSolution
		{99509749-56EB-4615-9AB4-C2CDFD349875}.Debug|Any CPU.ActiveCfg = Debug|Any CPU
		{99509749-56EB-4615-9AB4-C2CDFD349875}.Debug|Any CPU.Build.0 = Debug|Any CPU
		{99509749-56EB-4615-9AB4-C2CDFD349875}.Release|Any CPU.ActiveCfg = Release|Any CPU
		{99509749-56EB-4615-9AB4-C2CDFD349875}.Release|Any CPU.Build.0 = Release|Any CPU
	EndGlobalSection
	GlobalSection(SolutionProperties) = preSolution
		HideSolutionNode = FALSE
	EndGlobalSection
	GlobalSection(ExtensibilityGlobals) = postSolution
		SolutionGuid = {C0182972-E12A-47A8-BFA8-EE2E626E2D7D}
	EndGlobalSection
EndGlobal
