
Microsoft Visual Studio Solution File, Format Version 12.00
# Visual Studio Version 16
VisualStudioVersion = 16.0.31911.196
MinimumVisualStudioVersion = 10.0.40219.1
Project("{FAE04EC0-301F-11D3-BF4B-00C04F79EFBC}") = "WebRPWithForm", "WebRPWithForm\WebRPWithForm.csproj", "{AD48F232-6D1C-49AA-89F3-543384B99BBC}"
EndProject
Global
	GlobalSection(SolutionConfigurationPlatforms) = preSolution
		Debug|Any CPU = Debug|Any CPU
		Release|Any CPU = Release|Any CPU
	EndGlobalSection
	GlobalSection(ProjectConfigurationPlatforms) = postSolution
		{AD48F232-6D1C-49AA-89F3-543384B99BBC}.Debug|Any CPU.ActiveCfg = Debug|Any CPU
		{AD48F232-6D1C-49AA-89F3-543384B99BBC}.Debug|Any CPU.Build.0 = Debug|Any CPU
		{AD48F232-6D1C-49AA-89F3-543384B99BBC}.Release|Any CPU.ActiveCfg = Release|Any CPU
		{AD48F232-6D1C-49AA-89F3-543384B99BBC}.Release|Any CPU.Build.0 = Release|Any CPU
	EndGlobalSection
	GlobalSection(SolutionProperties) = preSolution
		HideSolutionNode = FALSE
	EndGlobalSection
	GlobalSection(ExtensibilityGlobals) = postSolution
		SolutionGuid = {4526DF23-A76B-4F0C-8760-2A0A61C37EBC}
	EndGlobalSection
EndGlobal
