
Microsoft Visual Studio Solution File, Format Version 12.00
# Visual Studio Version 17
VisualStudioVersion = 17.1.32414.318
MinimumVisualStudioVersion = 10.0.40219.1
Project("{FAE04EC0-301F-11D3-BF4B-00C04F79EFBC}") = "WinFormsAdoNet", "WinFormsAdoNet\WinFormsAdoNet.csproj", "{D202DDDC-7BE7-48F3-A91F-771B531664C9}"
EndProject
Global
	GlobalSection(SolutionConfigurationPlatforms) = preSolution
		Debug|Any CPU = Debug|Any CPU
		Release|Any CPU = Release|Any CPU
	EndGlobalSection
	GlobalSection(ProjectConfigurationPlatforms) = postSolution
		{D202DDDC-7BE7-48F3-A91F-771B531664C9}.Debug|Any CPU.ActiveCfg = Debug|Any CPU
		{D202DDDC-7BE7-48F3-A91F-771B531664C9}.Debug|Any CPU.Build.0 = Debug|Any CPU
		{D202DDDC-7BE7-48F3-A91F-771B531664C9}.Release|Any CPU.ActiveCfg = Release|Any CPU
		{D202DDDC-7BE7-48F3-A91F-771B531664C9}.Release|Any CPU.Build.0 = Release|Any CPU
	EndGlobalSection
	GlobalSection(SolutionProperties) = preSolution
		HideSolutionNode = FALSE
	EndGlobalSection
	GlobalSection(ExtensibilityGlobals) = postSolution
		SolutionGuid = {B4B538F2-10BD-4AB7-8322-ABC23B0BB0C4}
	EndGlobalSection
EndGlobal
