
Microsoft Visual Studio Solution File, Format Version 12.00
# Visual Studio Version 17
VisualStudioVersion = 17.0.32112.339
MinimumVisualStudioVersion = 10.0.40219.1
Project("{8BC9CEB8-8B4A-11D0-8D11-00A0C91BC942}") = "Dousuniecia", "Dousuniecia\Dousuniecia.vcxproj", "{C119D49C-073C-44F1-8D41-84CB6DF2DE43}"
EndProject
Project("{8BC9CEB8-8B4A-11D0-8D11-00A0C91BC942}") = "UnitTest1", "UnitTest1\UnitTest1.vcxproj", "{5D98A668-C805-480A-9A4A-FB6EB259BEF8}"
EndProject
Global
	GlobalSection(SolutionConfigurationPlatforms) = preSolution
		Debug|x64 = Debug|x64
		Debug|x86 = Debug|x86
		Release|x64 = Release|x64
		Release|x86 = Release|x86
	EndGlobalSection
	GlobalSection(ProjectConfigurationPlatforms) = postSolution
		{C119D49C-073C-44F1-8D41-84CB6DF2DE43}.Debug|x64.ActiveCfg = Debug|x64
		{C119D49C-073C-44F1-8D41-84CB6DF2DE43}.Debug|x64.Build.0 = Debug|x64
		{C119D49C-073C-44F1-8D41-84CB6DF2DE43}.Debug|x86.ActiveCfg = Debug|Win32
		{C119D49C-073C-44F1-8D41-84CB6DF2DE43}.Debug|x86.Build.0 = Debug|Win32
		{C119D49C-073C-44F1-8D41-84CB6DF2DE43}.Release|x64.ActiveCfg = Release|x64
		{C119D49C-073C-44F1-8D41-84CB6DF2DE43}.Release|x64.Build.0 = Release|x64
		{C119D49C-073C-44F1-8D41-84CB6DF2DE43}.Release|x86.ActiveCfg = Release|Win32
		{C119D49C-073C-44F1-8D41-84CB6DF2DE43}.Release|x86.Build.0 = Release|Win32
		{5D98A668-C805-480A-9A4A-FB6EB259BEF8}.Debug|x64.ActiveCfg = Debug|x64
		{5D98A668-C805-480A-9A4A-FB6EB259BEF8}.Debug|x64.Build.0 = Debug|x64
		{5D98A668-C805-480A-9A4A-FB6EB259BEF8}.Debug|x86.ActiveCfg = Debug|Win32
		{5D98A668-C805-480A-9A4A-FB6EB259BEF8}.Debug|x86.Build.0 = Debug|Win32
		{5D98A668-C805-480A-9A4A-FB6EB259BEF8}.Release|x64.ActiveCfg = Release|x64
		{5D98A668-C805-480A-9A4A-FB6EB259BEF8}.Release|x64.Build.0 = Release|x64
		{5D98A668-C805-480A-9A4A-FB6EB259BEF8}.Release|x86.ActiveCfg = Release|Win32
		{5D98A668-C805-480A-9A4A-FB6EB259BEF8}.Release|x86.Build.0 = Release|Win32
	EndGlobalSection
	GlobalSection(SolutionProperties) = preSolution
		HideSolutionNode = FALSE
	EndGlobalSection
	GlobalSection(ExtensibilityGlobals) = postSolution
		SolutionGuid = {000B92D1-4EBF-485F-B39D-FEA8FA118D94}
	EndGlobalSection
EndGlobal
