
Microsoft Visual Studio Solution File, Format Version 12.00
# Visual Studio Version 16
VisualStudioVersion = 16.0.31702.278
MinimumVisualStudioVersion = 10.0.40219.1
Project("{FAE04EC0-301F-11D3-BF4B-00C04F79EFBC}") = "FunWithFiles_2sp_desc", "FunWithFiles_2sp_desc\FunWithFiles_2sp_desc.csproj", "{22041BE4-BCCF-41AC-B1EE-A3525C2FBE32}"
EndProject
Global
	GlobalSection(SolutionConfigurationPlatforms) = preSolution
		Debug|Any CPU = Debug|Any CPU
		Release|Any CPU = Release|Any CPU
	EndGlobalSection
	GlobalSection(ProjectConfigurationPlatforms) = postSolution
		{22041BE4-BCCF-41AC-B1EE-A3525C2FBE32}.Debug|Any CPU.ActiveCfg = Debug|Any CPU
		{22041BE4-BCCF-41AC-B1EE-A3525C2FBE32}.Debug|Any CPU.Build.0 = Debug|Any CPU
		{22041BE4-BCCF-41AC-B1EE-A3525C2FBE32}.Release|Any CPU.ActiveCfg = Release|Any CPU
		{22041BE4-BCCF-41AC-B1EE-A3525C2FBE32}.Release|Any CPU.Build.0 = Release|Any CPU
	EndGlobalSection
	GlobalSection(SolutionProperties) = preSolution
		HideSolutionNode = FALSE
	EndGlobalSection
	GlobalSection(ExtensibilityGlobals) = postSolution
		SolutionGuid = {29A35634-FD04-4C36-9C34-A9E8B3C19749}
	EndGlobalSection
EndGlobal
