
Microsoft Visual Studio Solution File, Format Version 12.00
# Visual Studio Version 16
VisualStudioVersion = 16.0.31729.503
MinimumVisualStudioVersion = 10.0.40219.1
Project("{FAE04EC0-301F-11D3-BF4B-00C04F79EFBC}") = "RwzorPagesWithModel", "RwzorPagesWithModel\RwzorPagesWithModel.csproj", "{AB1D525C-7FAF-4811-BD45-DBF3B5161281}"
EndProject
Global
	GlobalSection(SolutionConfigurationPlatforms) = preSolution
		Debug|Any CPU = Debug|Any CPU
		Release|Any CPU = Release|Any CPU
	EndGlobalSection
	GlobalSection(ProjectConfigurationPlatforms) = postSolution
		{AB1D525C-7FAF-4811-BD45-DBF3B5161281}.Debug|Any CPU.ActiveCfg = Debug|Any CPU
		{AB1D525C-7FAF-4811-BD45-DBF3B5161281}.Debug|Any CPU.Build.0 = Debug|Any CPU
		{AB1D525C-7FAF-4811-BD45-DBF3B5161281}.Release|Any CPU.ActiveCfg = Release|Any CPU
		{AB1D525C-7FAF-4811-BD45-DBF3B5161281}.Release|Any CPU.Build.0 = Release|Any CPU
	EndGlobalSection
	GlobalSection(SolutionProperties) = preSolution
		HideSolutionNode = FALSE
	EndGlobalSection
	GlobalSection(ExtensibilityGlobals) = postSolution
		SolutionGuid = {4AB4634F-4878-45D3-A920-D67F9C4EF6E5}
	EndGlobalSection
EndGlobal
