
Microsoft Visual Studio Solution File, Format Version 12.00
# Visual Studio Version 17
VisualStudioVersion = 17.1.32210.238
MinimumVisualStudioVersion = 10.0.40219.1
Project("{FAE04EC0-301F-11D3-BF4B-00C04F79EFBC}") = "WebApplication1", "WebApplication1\WebApplication1.csproj", "{BF84C8EA-209F-49C9-BF39-370A5EF91DBB}"
EndProject
Global
	GlobalSection(SolutionConfigurationPlatforms) = preSolution
		Debug|Any CPU = Debug|Any CPU
		Release|Any CPU = Release|Any CPU
	EndGlobalSection
	GlobalSection(ProjectConfigurationPlatforms) = postSolution
		{BF84C8EA-209F-49C9-BF39-370A5EF91DBB}.Debug|Any CPU.ActiveCfg = Debug|Any CPU
		{BF84C8EA-209F-49C9-BF39-370A5EF91DBB}.Debug|Any CPU.Build.0 = Debug|Any CPU
		{BF84C8EA-209F-49C9-BF39-370A5EF91DBB}.Release|Any CPU.ActiveCfg = Release|Any CPU
		{BF84C8EA-209F-49C9-BF39-370A5EF91DBB}.Release|Any CPU.Build.0 = Release|Any CPU
	EndGlobalSection
	GlobalSection(SolutionProperties) = preSolution
		HideSolutionNode = FALSE
	EndGlobalSection
	GlobalSection(ExtensibilityGlobals) = postSolution
		SolutionGuid = {AA7C6A42-7C42-4BCC-891F-051D73304B84}
	EndGlobalSection
EndGlobal
